
Microsoft Visual Studio Solution File, Format Version 12.00
# Visual Studio Version 16
VisualStudioVersion = 16.0.29424.173
MinimumVisualStudioVersion = 10.0.40219.1
Project("{FAE04EC0-301F-11D3-BF4B-00C04F79EFBC}") = "B4llista", "B4llista\B4llista.csproj", "{A3E89A13-8815-422D-BF37-DC53D8B1F07E}"
EndProject
Project("{FAE04EC0-301F-11D3-BF4B-00C04F79EFBC}") = "Preloader", "Preloader\Preloader.csproj", "{E64D7E51-680D-410F-935E-4DCE2DB6BC24}"
EndProject
Project("{9A19103F-16F7-4668-BE54-9A1E7A4F7556}") = "PlutoLib", "PlutoLib\PlutoLib.csproj", "{03D656D6-92A6-465B-972F-2371E30CD9F8}"
EndProject
Project("{FAE04EC0-301F-11D3-BF4B-00C04F79EFBC}") = "B4llistaUI", "B4llistaUI\B4llistaUI.csproj", "{A8B8D3A6-B9FC-491E-B3B4-060DE7B1728A}"
EndProject
Global
	GlobalSection(SolutionConfigurationPlatforms) = preSolution
		Debug|Any CPU = Debug|Any CPU
		Debug|x86 = Debug|x86
		Release|Any CPU = Release|Any CPU
		Release|x86 = Release|x86
	EndGlobalSection
	GlobalSection(ProjectConfigurationPlatforms) = postSolution
		{A3E89A13-8815-422D-BF37-DC53D8B1F07E}.Debug|Any CPU.ActiveCfg = Debug|x86
		{A3E89A13-8815-422D-BF37-DC53D8B1F07E}.Debug|Any CPU.Build.0 = Debug|x86
		{A3E89A13-8815-422D-BF37-DC53D8B1F07E}.Debug|x86.ActiveCfg = Debug|x86
		{A3E89A13-8815-422D-BF37-DC53D8B1F07E}.Debug|x86.Build.0 = Debug|x86
		{A3E89A13-8815-422D-BF37-DC53D8B1F07E}.Release|Any CPU.ActiveCfg = Release|Any CPU
		{A3E89A13-8815-422D-BF37-DC53D8B1F07E}.Release|Any CPU.Build.0 = Release|Any CPU
		{A3E89A13-8815-422D-BF37-DC53D8B1F07E}.Release|x86.ActiveCfg = Release|x86
		{A3E89A13-8815-422D-BF37-DC53D8B1F07E}.Release|x86.Build.0 = Release|x86
		{E64D7E51-680D-410F-935E-4DCE2DB6BC24}.Debug|Any CPU.ActiveCfg = Debug|x86
		{E64D7E51-680D-410F-935E-4DCE2DB6BC24}.Debug|Any CPU.Build.0 = Debug|x86
		{E64D7E51-680D-410F-935E-4DCE2DB6BC24}.Debug|x86.ActiveCfg = Debug|x86
		{E64D7E51-680D-410F-935E-4DCE2DB6BC24}.Debug|x86.Build.0 = Debug|x86
		{E64D7E51-680D-410F-935E-4DCE2DB6BC24}.Release|Any CPU.ActiveCfg = Release|Any CPU
		{E64D7E51-680D-410F-935E-4DCE2DB6BC24}.Release|Any CPU.Build.0 = Release|Any CPU
		{E64D7E51-680D-410F-935E-4DCE2DB6BC24}.Release|x86.ActiveCfg = Release|x86
		{E64D7E51-680D-410F-935E-4DCE2DB6BC24}.Release|x86.Build.0 = Release|x86
		{03D656D6-92A6-465B-972F-2371E30CD9F8}.Debug|Any CPU.ActiveCfg = Debug|Any CPU
		{03D656D6-92A6-465B-972F-2371E30CD9F8}.Debug|Any CPU.Build.0 = Debug|Any CPU
		{03D656D6-92A6-465B-972F-2371E30CD9F8}.Debug|x86.ActiveCfg = Debug|Any CPU
		{03D656D6-92A6-465B-972F-2371E30CD9F8}.Debug|x86.Build.0 = Debug|Any CPU
		{03D656D6-92A6-465B-972F-2371E30CD9F8}.Release|Any CPU.ActiveCfg = Release|Any CPU
		{03D656D6-92A6-465B-972F-2371E30CD9F8}.Release|Any CPU.Build.0 = Release|Any CPU
		{03D656D6-92A6-465B-972F-2371E30CD9F8}.Release|x86.ActiveCfg = Release|x86
		{03D656D6-92A6-465B-972F-2371E30CD9F8}.Release|x86.Build.0 = Release|x86
		{A8B8D3A6-B9FC-491E-B3B4-060DE7B1728A}.Debug|Any CPU.ActiveCfg = Debug|Any CPU
		{A8B8D3A6-B9FC-491E-B3B4-060DE7B1728A}.Debug|Any CPU.Build.0 = Debug|Any CPU
		{A8B8D3A6-B9FC-491E-B3B4-060DE7B1728A}.Debug|x86.ActiveCfg = Debug|Any CPU
		{A8B8D3A6-B9FC-491E-B3B4-060DE7B1728A}.Debug|x86.Build.0 = Debug|Any CPU
		{A8B8D3A6-B9FC-491E-B3B4-060DE7B1728A}.Release|Any CPU.ActiveCfg = Release|Any CPU
		{A8B8D3A6-B9FC-491E-B3B4-060DE7B1728A}.Release|Any CPU.Build.0 = Release|Any CPU
		{A8B8D3A6-B9FC-491E-B3B4-060DE7B1728A}.Release|x86.ActiveCfg = Release|x86
		{A8B8D3A6-B9FC-491E-B3B4-060DE7B1728A}.Release|x86.Build.0 = Release|x86
	EndGlobalSection
	GlobalSection(SolutionProperties) = preSolution
		HideSolutionNode = FALSE
	EndGlobalSection
	GlobalSection(ExtensibilityGlobals) = postSolution
		SolutionGuid = {94B4F4D3-B933-4C78-9039-83DEE9C9585F}
	EndGlobalSection
EndGlobal
